
Microsoft Visual Studio Solution File, Format Version 12.00
# Visual Studio Version 16
VisualStudioVersion = 16.0.31729.503
MinimumVisualStudioVersion = 10.0.40219.1
Project("{FAE04EC0-301F-11D3-BF4B-00C04F79EFBC}") = "LetsShop", "LetsShop\LetsShop.csproj", "{2E6B57BC-0FDB-4A19-B556-F1186D1338A7}"
EndProject
Global
	GlobalSection(SolutionConfigurationPlatforms) = preSolution
		Debug|Any CPU = Debug|Any CPU
		Release|Any CPU = Release|Any CPU
	EndGlobalSection
	GlobalSection(ProjectConfigurationPlatforms) = postSolution
		{2E6B57BC-0FDB-4A19-B556-F1186D1338A7}.Debug|Any CPU.ActiveCfg = Debug|Any CPU
		{2E6B57BC-0FDB-4A19-B556-F1186D1338A7}.Debug|Any CPU.Build.0 = Debug|Any CPU
		{2E6B57BC-0FDB-4A19-B556-F1186D1338A7}.Release|Any CPU.ActiveCfg = Release|Any CPU
		{2E6B57BC-0FDB-4A19-B556-F1186D1338A7}.Release|Any CPU.Build.0 = Release|Any CPU
	EndGlobalSection
	GlobalSection(SolutionProperties) = preSolution
		HideSolutionNode = FALSE
	EndGlobalSection
	GlobalSection(ExtensibilityGlobals) = postSolution
		SolutionGuid = {1D663221-8AC2-4CAC-B7F3-EE6C0D05AC8A}
	EndGlobalSection
EndGlobal
